// !$*UTF8*$!
{
	archiveVersion = 1;
	classes = {
	};
	objectVersion = 46;
	objects = {

/* Begin PBXBuildFile section */
		6AD7A7701B1E34B000479CAF /* AppDelegate.swift in Sources */ = {isa = PBXBuildFile; fileRef = 6AD7A76F1B1E34B000479CAF /* AppDelegate.swift */; };
		6AD7A7731B1E34B000479CAF /* Calculadora1.xcdatamodeld in Sources */ = {isa = PBXBuildFile; fileRef = 6AD7A7711B1E34B000479CAF /* Calculadora1.xcdatamodeld */; };
		6AD7A7751B1E34B000479CAF /* ViewController.swift in Sources */ = {isa = PBXBuildFile; fileRef = 6AD7A7741B1E34B000479CAF /* ViewController.swift */; };
		6AD7A7781B1E34B000479CAF /* Main.storyboard in Resources */ = {isa = PBXBuildFile; fileRef = 6AD7A7761B1E34B000479CAF /* Main.storyboard */; };
		6AD7A77A1B1E34B000479CAF /* Images.xcassets in Resources */ = {isa = PBXBuildFile; fileRef = 6AD7A7791B1E34B000479CAF /* Images.xcassets */; };
		6AD7A77D1B1E34B000479CAF /* LaunchScreen.xib in Resources */ = {isa = PBXBuildFile; fileRef = 6AD7A77B1B1E34B000479CAF /* LaunchScreen.xib */; };
		6AD7A7891B1E34B000479CAF /* Calculadora1Tests.swift in Sources */ = {isa = PBXBuildFile; fileRef = 6AD7A7881B1E34B000479CAF /* Calculadora1Tests.swift */; };
/* End PBXBuildFile section */

/* Begin PBXContainerItemProxy section */
		6AD7A7831B1E34B000479CAF /* PBXContainerItemProxy */ = {
			isa = PBXContainerItemProxy;
			containerPortal = 6AD7A7621B1E34B000479CAF /* Project object */;
			proxyType = 1;
			remoteGlobalIDString = 6AD7A7691B1E34B000479CAF;
			remoteInfo = Calculadora1;
		};
/* End PBXContainerItemProxy section */

/* Begin PBXFileReference section */
		6AD7A76A1B1E34B000479CAF /* Calculadora1.app */ = {isa = PBXFileReference; explicitFileType = wrapper.application; includeInIndex = 0; path = Calculadora1.app; sourceTree = BUILT_PRODUCTS_DIR; };
		6AD7A76E1B1E34B000479CAF /* Info.plist */ = {isa = PBXFileReference; lastKnownFileType = text.plist.xml; path = Info.plist; sourceTree = "<group>"; };
		6AD7A76F1B1E34B000479CAF /* AppDelegate.swift */ = {isa = PBXFileReference; lastKnownFileType = sourcecode.swift; path = AppDelegate.swift; sourceTree = "<group>"; };
		6AD7A7721B1E34B000479CAF /* Calculadora1.xcdatamodel */ = {isa = PBXFileReference; lastKnownFileType = wrapper.xcdatamodel; path = Calculadora1.xcdatamodel; sourceTree = "<group>"; };
		6AD7A7741B1E34B000479CAF /* ViewController.swift */ = {isa = PBXFileReference; lastKnownFileType = sourcecode.swift; path = ViewController.swift; sourceTree = "<group>"; };
		6AD7A7771B1E34B000479CAF /* Base */ = {isa = PBXFileReference; lastKnownFileType = file.storyboard; name = Base; path = Base.lproj/Main.storyboard; sourceTree = "<group>"; };
		6AD7A7791B1E34B000479CAF /* Images.xcassets */ = {isa = PBXFileReference; lastKnownFileType = folder.assetcatalog; path = Images.xcassets; sourceTree = "<group>"; };
		6AD7A77C1B1E34B000479CAF /* Base */ = {isa = PBXFileReference; lastKnownFileType = file.xib; name = Base; path = Base.lproj/LaunchScreen.xib; sourceTree = "<group>"; };
		6AD7A7821B1E34B000479CAF /* Calculadora1Tests.xctest */ = {isa = PBXFileReference; explicitFileType = wrapper.cfbundle; includeInIndex = 0; path = Calculadora1Tests.xctest; sourceTree = BUILT_PRODUCTS_DIR; };
		6AD7A7871B1E34B000479CAF /* Info.plist */ = {isa = PBXFileReference; lastKnownFileType = text.plist.xml; path = Info.plist; sourceTree = "<group>"; };
		6AD7A7881B1E34B000479CAF /* Calculadora1Tests.swift */ = {isa = PBXFileReference; lastKnownFileType = sourcecode.swift; path = Calculadora1Tests.swift; sourceTree = "<group>"; };
/* End PBXFileReference section */

/* Begin PBXFrameworksBuildPhase section */
		6AD7A7671B1E34B000479CAF /* Frameworks */ = {
			isa = PBXFrameworksBuildPhase;
			buildActionMask = 2147483647;
			files = (
			);
			runOnlyForDeploymentPostprocessing = 0;
		};
		6AD7A77F1B1E34B000479CAF /* Frameworks */ = {
			isa = PBXFrameworksBuildPhase;
			buildActionMask = 2147483647;
			files = (
			);
			runOnlyForDeploymentPostprocessing = 0;
		};
/* End PBXFrameworksBuildPhase section */

/* Begin PBXGroup section */
		6AD7A7611B1E34B000479CAF = {
			isa = PBXGroup;
			children = (
				6AD7A76C1B1E34B000479CAF /* Calculadora1 */,
				6AD7A7851B1E34B000479CAF /* Calculadora1Tests */,
				6AD7A76B1B1E34B000479CAF /* Products */,
			);
			sourceTree = "<group>";
		};
		6AD7A76B1B1E34B000479CAF /* Products */ = {
			isa = PBXGroup;
			children = (
				6AD7A76A1B1E34B000479CAF /* Calculadora1.app */,
				6AD7A7821B1E34B000479CAF /* Calculadora1Tests.xctest */,
			);
			name = Products;
			sourceTree = "<group>";
		};
		6AD7A76C1B1E34B000479CAF /* Calculadora1 */ = {
			isa = PBXGroup;
			children = (
				6AD7A76F1B1E34B000479CAF /* AppDelegate.swift */,
				6AD7A7741B1E34B000479CAF /* ViewController.swift */,
				6AD7A7761B1E34B000479CAF /* Main.storyboard */,
				6AD7A7791B1E34B000479CAF /* Images.xcassets */,
				6AD7A77B1B1E34B000479CAF /* LaunchScreen.xib */,
				6AD7A7711B1E34B000479CAF /* Calculadora1.xcdatamodeld */,
				6AD7A76D1B1E34B000479CAF /* Supporting Files */,
			);
			path = Calculadora1;
			sourceTree = "<group>";
		};
		6AD7A76D1B1E34B000479CAF /* Supporting Files */ = {
			isa = PBXGroup;
			children = (
				6AD7A76E1B1E34B000479CAF /* Info.plist */,
			);
			name = "Supporting Files";
			sourceTree = "<group>";
		};
		6AD7A7851B1E34B000479CAF /* Calculadora1Tests */ = {
			isa = PBXGroup;
			children = (
				6AD7A7881B1E34B000479CAF /* Calculadora1Tests.swift */,
				6AD7A7861B1E34B000479CAF /* Supporting Files */,
			);
			path = Calculadora1Tests;
			sourceTree = "<group>";
		};
		6AD7A7861B1E34B000479CAF /* Supporting Files */ = {
			isa = PBXGroup;
			children = (
				6AD7A7871B1E34B000479CAF /* Info.plist */,
			);
			name = "Supporting Files";
			sourceTree = "<group>";
		};
/* End PBXGroup section */

/* Begin PBXNativeTarget section */
		6AD7A7691B1E34B000479CAF /* Calculadora1 */ = {
			isa = PBXNativeTarget;
			buildConfigurationList = 6AD7A78C1B1E34B000479CAF /* Build configuration list for PBXNativeTarget "Calculadora1" */;
			buildPhases = (
				6AD7A7661B1E34B000479CAF /* Sources */,
				6AD7A7671B1E34B000479CAF /* Frameworks */,
				6AD7A7681B1E34B000479CAF /* Resources */,
			);
			buildRules = (
			);
			dependencies = (
			);
			name = Calculadora1;
			productName = Calculadora1;
			productReference = 6AD7A76A1B1E34B000479CAF /* Calculadora1.app */;
			productType = "com.apple.product-type.application";
		};
		6AD7A7811B1E34B000479CAF /* Calculadora1Tests */ = {
			isa = PBXNativeTarget;
			buildConfigurationList = 6AD7A78F1B1E34B000479CAF /* Build configuration list for PBXNativeTarget "Calculadora1Tests" */;
			buildPhases = (
				6AD7A77E1B1E34B000479CAF /* Sources */,
				6AD7A77F1B1E34B000479CAF /* Frameworks */,
				6AD7A7801B1E34B000479CAF /* Resources */,
			);
			buildRules = (
			);
			dependencies = (
				6AD7A7841B1E34B000479CAF /* PBXTargetDependency */,
			);
			name = Calculadora1Tests;
			productName = Calculadora1Tests;
			productReference = 6AD7A7821B1E34B000479CAF /* Calculadora1Tests.xctest */;
			productType = "com.apple.product-type.bundle.unit-test";
		};
/* End PBXNativeTarget section */

/* Begin PBXProject section */
		6AD7A7621B1E34B000479CAF /* Project object */ = {
			isa = PBXProject;
			attributes = {
				LastUpgradeCheck = 0630;
				ORGANIZATIONNAME = "Luis Cua Catzin";
				TargetAttributes = {
					6AD7A7691B1E34B000479CAF = {
						CreatedOnToolsVersion = 6.3.1;
					};
					6AD7A7811B1E34B000479CAF = {
						CreatedOnToolsVersion = 6.3.1;
						TestTargetID = 6AD7A7691B1E34B000479CAF;
					};
				};
			};
			buildConfigurationList = 6AD7A7651B1E34B000479CAF /* Build configuration list for PBXProject "Calculadora1" */;
			compatibilityVersion = "Xcode 3.2";
			developmentRegion = English;
			hasScannedForEncodings = 0;
			knownRegions = (
				en,
				Base,
			);
			mainGroup = 6AD7A7611B1E34B000479CAF;
			productRefGroup = 6AD7A76B1B1E34B000479CAF /* Products */;
			projectDirPath = "";
			projectRoot = "";
			targets = (
				6AD7A7691B1E34B000479CAF /* Calculadora1 */,
				6AD7A7811B1E34B000479CAF /* Calculadora1Tests */,
			);
		};
/* End PBXProject section */

/* Begin PBXResourcesBuildPhase section */
		6AD7A7681B1E34B000479CAF /* Resources */ = {
			isa = PBXResourcesBuildPhase;
			buildActionMask = 2147483647;
			files = (
				6AD7A7781B1E34B000479CAF /* Main.storyboard in Resources */,
				6AD7A77D1B1E34B000479CAF /* LaunchScreen.xib in Resources */,
				6AD7A77A1B1E34B000479CAF /* Images.xcassets in Resources */,
			);
			runOnlyForDeploymentPostprocessing = 0;
		};
		6AD7A7801B1E34B000479CAF /* Resources */ = {
			isa = PBXResourcesBuildPhase;
			buildActionMask = 2147483647;
			files = (
			);
			runOnlyForDeploymentPostprocessing = 0;
		};
/* End PBXResourcesBuildPhase section */

/* Begin PBXSourcesBuildPhase section */
		6AD7A7661B1E34B000479CAF /* Sources */ = {
			isa = PBXSourcesBuildPhase;
			buildActionMask = 2147483647;
			files = (
				6AD7A7751B1E34B000479CAF /* ViewController.swift in Sources */,
				6AD7A7701B1E34B000479CAF /* AppDelegate.swift in Sources */,
				6AD7A7731B1E34B000479CAF /* Calculadora1.xcdatamodeld in Sources */,
			);
			runOnlyForDeploymentPostprocessing = 0;
		};
		6AD7A77E1B1E34B000479CAF /* Sources */ = {
			isa = PBXSourcesBuildPhase;
			buildActionMask = 2147483647;
			files = (
				6AD7A7891B1E34B000479CAF /* Calculadora1Tests.swift in Sources */,
			);
			runOnlyForDeploymentPostprocessing = 0;
		};
/* End PBXSourcesBuildPhase section */

/* Begin PBXTargetDependency section */
		6AD7A7841B1E34B000479CAF /* PBXTargetDependency */ = {
			isa = PBXTargetDependency;
			target = 6AD7A7691B1E34B000479CAF /* Calculadora1 */;
			targetProxy = 6AD7A7831B1E34B000479CAF /* PBXContainerItemProxy */;
		};
/* End PBXTargetDependency section */

/* Begin PBXVariantGroup section */
		6AD7A7761B1E34B000479CAF /* Main.storyboard */ = {
			isa = PBXVariantGroup;
			children = (
				6AD7A7771B1E34B000479CAF /* Base */,
			);
			name = Main.storyboard;
			sourceTree = "<group>";
		};
		6AD7A77B1B1E34B000479CAF /* LaunchScreen.xib */ = {
			isa = PBXVariantGroup;
			children = (
				6AD7A77C1B1E34B000479CAF /* Base */,
			);
			name = LaunchScreen.xib;
			sourceTree = "<group>";
		};
/* End PBXVariantGroup section */

/* Begin XCBuildConfiguration section */
		6AD7A78A1B1E34B000479CAF /* Debug */ = {
			isa = XCBuildConfiguration;
			buildSettings = {
				ALWAYS_SEARCH_USER_PATHS = NO;
				CLANG_CXX_LANGUAGE_STANDARD = "gnu++0x";
				CLANG_CXX_LIBRARY = "libc++";
				CLANG_ENABLE_MODULES = YES;
				CLANG_ENABLE_OBJC_ARC = YES;
				CLANG_WARN_BOOL_CONVERSION = YES;
				CLANG_WARN_CONSTANT_CONVERSION = YES;
				CLANG_WARN_DIRECT_OBJC_ISA_USAGE = YES_ERROR;
				CLANG_WARN_EMPTY_BODY = YES;
				CLANG_WARN_ENUM_CONVERSION = YES;
				CLANG_WARN_INT_CONVERSION = YES;
				CLANG_WARN_OBJC_ROOT_CLASS = YES_ERROR;
				CLANG_WARN_UNREACHABLE_CODE = YES;
				CLANG_WARN__DUPLICATE_METHOD_MATCH = YES;
				"CODE_SIGN_IDENTITY[sdk=iphoneos*]" = "iPhone Developer";
				COPY_PHASE_STRIP = NO;
				DEBUG_INFORMATION_FORMAT = "dwarf-with-dsym";
				ENABLE_STRICT_OBJC_MSGSEND = YES;
				GCC_C_LANGUAGE_STANDARD = gnu99;
				GCC_DYNAMIC_NO_PIC = NO;
				GCC_NO_COMMON_BLOCKS = YES;
				GCC_OPTIMIZATION_LEVEL = 0;
				GCC_PREPROCESSOR_DEFINITIONS = (
					"DEBUG=1",
					"$(inherited)",
				);
				GCC_SYMBOLS_PRIVATE_EXTERN = NO;
				GCC_WARN_64_TO_32_BIT_CONVERSION = YES;
				GCC_WARN_ABOUT_RETURN_TYPE = YES_ERROR;
				GCC_WARN_UNDECLARED_SELECTOR = YES;
				GCC_WARN_UNINITIALIZED_AUTOS = YES_AGGRESSIVE;
				GCC_WARN_UNUSED_FUNCTION = YES;
				GCC_WARN_UNUSED_VARIABLE = YES;
				IPHONEOS_DEPLOYMENT_TARGET = 8.3;
				MTL_ENABLE_DEBUG_INFO = YES;
				ONLY_ACTIVE_ARCH = YES;
				SDKROOT = iphoneos;
				SWIFT_OPTIMIZATION_LEVEL = "-Onone";
			};
			name = Debug;
		};
		6AD7A78B1B1E34B000479CAF /* Release */ = {
			isa = XCBuildConfiguration;
			buildSettings = {
				ALWAYS_SEARCH_USER_PATHS = NO;
				CLANG_CXX_LANGUAGE_STANDARD = "gnu++0x";
				CLANG_CXX_LIBRARY = "libc++";
				CLANG_ENABLE_MODULES = YES;
				CLANG_ENABLE_OBJC_ARC = YES;
				CLANG_WARN_BOOL_CONVERSION = YES;
				CLANG_WARN_CONSTANT_CONVERSION = YES;
				CLANG_WARN_DIRECT_OBJC_ISA_USAGE = YES_ERROR;
				CLANG_WARN_EMPTY_BODY = YES;
				CLANG_WARN_ENUM_CONVERSION = YES;
				CLANG_WARN_INT_CONVERSION = YES;
				CLANG_WARN_OBJC_ROOT_CLASS = YES_ERROR;
				CLANG_WARN_UNREACHABLE_CODE = YES;
				CLANG_WARN__DUPLICATE_METHOD_MATCH = YES;
				"CODE_SIGN_IDENTITY[sdk=iphoneos*]" = "iPhone Developer";
				COPY_PHASE_STRIP = NO;
				DEBUG_INFORMATION_FORMAT = "dwarf-with-dsym";
				ENABLE_NS_ASSERTIONS = NO;
				ENABLE_STRICT_OBJC_MSGSEND = YES;
				GCC_C_LANGUAGE_STANDARD = gnu99;
				GCC_NO_COMMON_BLOCKS = YES;
				GCC_WARN_64_TO_32_BIT_CONVERSION = YES;
				GCC_WARN_ABOUT_RETURN_TYPE = YES_ERROR;
				GCC_WARN_UNDECLARED_SELECTOR = YES;
				GCC_WARN_UNINITIALIZED_AUTOS = YES_AGGRESSIVE;
				GCC_WARN_UNUSED_FUNCTION = YES;
				GCC_WARN_UNUSED_VARIABLE = YES;
				IPHONEOS_DEPLOYMENT_TARGET = 8.3;
				MTL_ENABLE_DEBUG_INFO = NO;
				SDKROOT = iphoneos;
				VALIDATE_PRODUCT = YES;
			};
			name = Release;
		};
		6AD7A78D1B1E34B000479CAF /* Debug */ = {
			isa = XCBuildConfiguration;
			buildSettings = {
				ASSETCATALOG_COMPILER_APPICON_NAME = AppIcon;
				INFOPLIST_FILE = Calculadora1/Info.plist;
				LD_RUNPATH_SEARCH_PATHS = "$(inherited) @executable_path/Frameworks";
				PRODUCT_NAME = "$(TARGET_NAME)";
			};
			name = Debug;
		};
		6AD7A78E1B1E34B000479CAF /* Release */ = {
			isa = XCBuildConfiguration;
			buildSettings = {
				ASSETCATALOG_COMPILER_APPICON_NAME = AppIcon;
				INFOPLIST_FILE = Calculadora1/Info.plist;
				LD_RUNPATH_SEARCH_PATHS = "$(inherited) @executable_path/Frameworks";
				PRODUCT_NAME = "$(TARGET_NAME)";
			};
			name = Release;
		};
		6AD7A7901B1E34B000479CAF /* Debug */ = {
			isa = XCBuildConfiguration;
			buildSettings = {
				BUNDLE_LOADER = "$(TEST_HOST)";
				FRAMEWORK_SEARCH_PATHS = (
					"$(SDKROOT)/Developer/Library/Frameworks",
					"$(inherited)",
				);
				GCC_PREPROCESSOR_DEFINITIONS = (
					"DEBUG=1",
					"$(inherited)",
				);
				INFOPLIST_FILE = Calculadora1Tests/Info.plist;
				LD_RUNPATH_SEARCH_PATHS = "$(inherited) @executable_path/Frameworks @loader_path/Frameworks";
				PRODUCT_NAME = "$(TARGET_NAME)";
				TEST_HOST = "$(BUILT_PRODUCTS_DIR)/Calculadora1.app/Calculadora1";
			};
			name = Debug;
		};
		6AD7A7911B1E34B000479CAF /* Release */ = {
			isa = XCBuildConfiguration;
			buildSettings = {
				BUNDLE_LOADER = "$(TEST_HOST)";
				FRAMEWORK_SEARCH_PATHS = (
					"$(SDKROOT)/Developer/Library/Frameworks",
					"$(inherited)",
				);
				INFOPLIST_FILE = Calculadora1Tests/Info.plist;
				LD_RUNPATH_SEARCH_PATHS = "$(inherited) @executable_path/Frameworks @loader_path/Frameworks";
				PRODUCT_NAME = "$(TARGET_NAME)";
				TEST_HOST = "$(BUILT_PRODUCTS_DIR)/Calculadora1.app/Calculadora1";
			};
			name = Release;
		};
/* End XCBuildConfiguration section */

/* Begin XCConfigurationList section */
		6AD7A7651B1E34B000479CAF /* Build configuration list for PBXProject "Calculadora1" */ = {
			isa = XCConfigurationList;
			buildConfigurations = (
				6AD7A78A1B1E34B000479CAF /* Debug */,
				6AD7A78B1B1E34B000479CAF /* Release */,
			);
			defaultConfigurationIsVisible = 0;
			defaultConfigurationName = Release;
		};
		6AD7A78C1B1E34B000479CAF /* Build configuration list for PBXNativeTarget "Calculadora1" */ = {
			isa = XCConfigurationList;
			buildConfigurations = (
				6AD7A78D1B1E34B000479CAF /* Debug */,
				6AD7A78E1B1E34B000479CAF /* Release */,
			);
			defaultConfigurationIsVisible = 0;
		};
		6AD7A78F1B1E34B000479CAF /* Build configuration list for PBXNativeTarget "Calculadora1Tests" */ = {
			isa = XCConfigurationList;
			buildConfigurations = (
				6AD7A7901B1E34B000479CAF /* Debug */,
				6AD7A7911B1E34B000479CAF /* Release */,
			);
			defaultConfigurationIsVisible = 0;
		};
/* End XCConfigurationList section */

/* Begin XCVersionGroup section */
		6AD7A7711B1E34B000479CAF /* Calculadora1.xcdatamodeld */ = {
			isa = XCVersionGroup;
			children = (
				6AD7A7721B1E34B000479CAF /* Calculadora1.xcdatamodel */,
			);
			currentVersion = 6AD7A7721B1E34B000479CAF /* Calculadora1.xcdatamodel */;
			path = Calculadora1.xcdatamodeld;
			sourceTree = "<group>";
			versionGroupType = wrapper.xcdatamodel;
		};
/* End XCVersionGroup section */
	};
	rootObject = 6AD7A7621B1E34B000479CAF /* Project object */;
}
